
Microsoft Visual Studio Solution File, Format Version 12.00
# Visual Studio 15
Project("{FAE04EC0-301F-11D3-BF4B-00C04F79EFBC}") = "FindPatientGroups", "FindPatientGroups\FindPatientGroups.csproj", "{CC4BDD39-F5CB-4675-A525-8949EE6E9AD7}"
EndProject
Global
	GlobalSection(SolutionConfigurationPlatforms) = preSolution
		Debug|Any CPU = Debug|Any CPU
		Release|Any CPU = Release|Any CPU
	EndGlobalSection
	GlobalSection(ProjectConfigurationPlatforms) = postSolution
		{CC4BDD39-F5CB-4675-A525-8949EE6E9AD7}.Debug|Any CPU.ActiveCfg = Debug|Any CPU
		{CC4BDD39-F5CB-4675-A525-8949EE6E9AD7}.Debug|Any CPU.Build.0 = Debug|Any CPU
		{CC4BDD39-F5CB-4675-A525-8949EE6E9AD7}.Release|Any CPU.ActiveCfg = Release|Any CPU
		{CC4BDD39-F5CB-4675-A525-8949EE6E9AD7}.Release|Any CPU.Build.0 = Release|Any CPU
	EndGlobalSection
EndGlobal
